
Microsoft Visual Studio Solution File, Format Version 12.00
# Visual Studio 2012
Project("{FAE04EC0-301F-11D3-BF4B-00C04F79EFBC}") = "Zadanie 1", "Zadanie 1\Zadanie 1.csproj", "{234A3F5A-6961-406B-9640-39E4A980D075}"
EndProject
Project("{FAE04EC0-301F-11D3-BF4B-00C04F79EFBC}") = "Zadanie 2", "Zadanie 2\Zadanie 2.csproj", "{CC0EAAA7-4BE5-4338-98F6-49D5DBDF137C}"
EndProject
Project("{FAE04EC0-301F-11D3-BF4B-00C04F79EFBC}") = "Zadanie 3", "Zadanie 3\Zadanie 3.csproj", "{9835972D-DE69-493A-A10F-802E071DD288}"
EndProject
Project("{FAE04EC0-301F-11D3-BF4B-00C04F79EFBC}") = "Zadanie 4", "Zadanie 4\Zadanie 4.csproj", "{257B45DE-120F-4100-8260-6AD2C5D5E223}"
EndProject
Global
	GlobalSection(SolutionConfigurationPlatforms) = preSolution
		Debug|Any CPU = Debug|Any CPU
		Release|Any CPU = Release|Any CPU
	EndGlobalSection
	GlobalSection(ProjectConfigurationPlatforms) = postSolution
		{234A3F5A-6961-406B-9640-39E4A980D075}.Debug|Any CPU.ActiveCfg = Debug|Any CPU
		{234A3F5A-6961-406B-9640-39E4A980D075}.Debug|Any CPU.Build.0 = Debug|Any CPU
		{234A3F5A-6961-406B-9640-39E4A980D075}.Release|Any CPU.ActiveCfg = Release|Any CPU
		{234A3F5A-6961-406B-9640-39E4A980D075}.Release|Any CPU.Build.0 = Release|Any CPU
		{CC0EAAA7-4BE5-4338-98F6-49D5DBDF137C}.Debug|Any CPU.ActiveCfg = Debug|Any CPU
		{CC0EAAA7-4BE5-4338-98F6-49D5DBDF137C}.Debug|Any CPU.Build.0 = Debug|Any CPU
		{CC0EAAA7-4BE5-4338-98F6-49D5DBDF137C}.Release|Any CPU.ActiveCfg = Release|Any CPU
		{CC0EAAA7-4BE5-4338-98F6-49D5DBDF137C}.Release|Any CPU.Build.0 = Release|Any CPU
		{9835972D-DE69-493A-A10F-802E071DD288}.Debug|Any CPU.ActiveCfg = Debug|Any CPU
		{9835972D-DE69-493A-A10F-802E071DD288}.Debug|Any CPU.Build.0 = Debug|Any CPU
		{9835972D-DE69-493A-A10F-802E071DD288}.Release|Any CPU.ActiveCfg = Release|Any CPU
		{9835972D-DE69-493A-A10F-802E071DD288}.Release|Any CPU.Build.0 = Release|Any CPU
		{257B45DE-120F-4100-8260-6AD2C5D5E223}.Debug|Any CPU.ActiveCfg = Debug|Any CPU
		{257B45DE-120F-4100-8260-6AD2C5D5E223}.Debug|Any CPU.Build.0 = Debug|Any CPU
		{257B45DE-120F-4100-8260-6AD2C5D5E223}.Release|Any CPU.ActiveCfg = Release|Any CPU
		{257B45DE-120F-4100-8260-6AD2C5D5E223}.Release|Any CPU.Build.0 = Release|Any CPU
	EndGlobalSection
	GlobalSection(SolutionProperties) = preSolution
		HideSolutionNode = FALSE
	EndGlobalSection
EndGlobal
